// !$*UTF8*$!
{
	archiveVersion = 1;
	classes = {
	};
	objectVersion = 46;
	objects = {

/* Begin PBXBuildFile section */
		9881CA8A09D936C35EC5C19F /* libPods-Order.a in Frameworks */ = {isa = PBXBuildFile; fileRef = 2445A53088149FAEBE4FFD5F /* libPods-Order.a */; };
		B81128AE1D3872920020726F /* HPGrowingTextView.m in Sources */ = {isa = PBXBuildFile; fileRef = B81128AB1D3872920020726F /* HPGrowingTextView.m */; };
		B81128AF1D3872920020726F /* HPTextViewInternal.m in Sources */ = {isa = PBXBuildFile; fileRef = B81128AD1D3872920020726F /* HPTextViewInternal.m */; };
		B82BE71C1D2DE54400AF7091 /* main.m in Sources */ = {isa = PBXBuildFile; fileRef = B82BE71B1D2DE54400AF7091 /* main.m */; };
		B82BE71F1D2DE54400AF7091 /* AppDelegate.m in Sources */ = {isa = PBXBuildFile; fileRef = B82BE71E1D2DE54400AF7091 /* AppDelegate.m */; };
		B82BE7271D2DE54400AF7091 /* Assets.xcassets in Resources */ = {isa = PBXBuildFile; fileRef = B82BE7261D2DE54400AF7091 /* Assets.xcassets */; };
		B82BE72A1D2DE54400AF7091 /* LaunchScreen.storyboard in Resources */ = {isa = PBXBuildFile; fileRef = B82BE7281D2DE54400AF7091 /* LaunchScreen.storyboard */; };
		B82BE7351D2DE54400AF7091 /* OrderTests.m in Sources */ = {isa = PBXBuildFile; fileRef = B82BE7341D2DE54400AF7091 /* OrderTests.m */; };
		B82BE7401D2DE54400AF7091 /* OrderUITests.m in Sources */ = {isa = PBXBuildFile; fileRef = B82BE73F1D2DE54400AF7091 /* OrderUITests.m */; };
		B82BE7531D2DE61B00AF7091 /* Home.storyboard in Resources */ = {isa = PBXBuildFile; fileRef = B82BE7521D2DE61B00AF7091 /* Home.storyboard */; };
		B82BE7551D2DE62C00AF7091 /* TabBar.storyboard in Resources */ = {isa = PBXBuildFile; fileRef = B82BE7541D2DE62C00AF7091 /* TabBar.storyboard */; };
		B82BE7571D2DE64F00AF7091 /* Deals.storyboard in Resources */ = {isa = PBXBuildFile; fileRef = B82BE7561D2DE64F00AF7091 /* Deals.storyboard */; };
		B82BE7591D2DE66000AF7091 /* Tags.storyboard in Resources */ = {isa = PBXBuildFile; fileRef = B82BE7581D2DE66000AF7091 /* Tags.storyboard */; };
		B82BE75B1D2DE67700AF7091 /* Profile.storyboard in Resources */ = {isa = PBXBuildFile; fileRef = B82BE75A1D2DE67700AF7091 /* Profile.storyboard */; };
		B82BE75D1D2DE68D00AF7091 /* Center.storyboard in Resources */ = {isa = PBXBuildFile; fileRef = B82BE75C1D2DE68D00AF7091 /* Center.storyboard */; };
		B82BE7601D2DE6D900AF7091 /* TabBarViewController.m in Sources */ = {isa = PBXBuildFile; fileRef = B82BE75F1D2DE6D900AF7091 /* TabBarViewController.m */; };
		B82BE7651D2DE71200AF7091 /* HomeViewController.m in Sources */ = {isa = PBXBuildFile; fileRef = B82BE7641D2DE71200AF7091 /* HomeViewController.m */; };
		B82BE7691D2DE72A00AF7091 /* DealsViewController.m in Sources */ = {isa = PBXBuildFile; fileRef = B82BE7681D2DE72A00AF7091 /* DealsViewController.m */; };
		B82BE76D1D2DE75900AF7091 /* TagsViewController.m in Sources */ = {isa = PBXBuildFile; fileRef = B82BE76C1D2DE75900AF7091 /* TagsViewController.m */; };
		B82BE7711D2DE76F00AF7091 /* ProfileViewController.m in Sources */ = {isa = PBXBuildFile; fileRef = B82BE7701D2DE76F00AF7091 /* ProfileViewController.m */; };
		B82BE7751D2DE78700AF7091 /* CenterViewController.m in Sources */ = {isa = PBXBuildFile; fileRef = B82BE7741D2DE78700AF7091 /* CenterViewController.m */; };
		B82BE7791D2DE90500AF7091 /* Utilities.m in Sources */ = {isa = PBXBuildFile; fileRef = B82BE7781D2DE90500AF7091 /* Utilities.m */; };
		B82BE77F1D2DE91E00AF7091 /* StorageMgr.m in Sources */ = {isa = PBXBuildFile; fileRef = B82BE77D1D2DE91E00AF7091 /* StorageMgr.m */; };
		B82BE7841D2DF81800AF7091 /* Other.storyboard in Resources */ = {isa = PBXBuildFile; fileRef = B82BE7831D2DF81800AF7091 /* Other.storyboard */; };
		B82BE7881D2DF84200AF7091 /* OtherViewController.m in Sources */ = {isa = PBXBuildFile; fileRef = B82BE7871D2DF84200AF7091 /* OtherViewController.m */; };
		B82BE7971D2E58D400AF7091 /* PopularViewController.m in Sources */ = {isa = PBXBuildFile; fileRef = B82BE7961D2E58D400AF7091 /* PopularViewController.m */; };
		B82BE79A1D2E58E600AF7091 /* FeaturedViewController.m in Sources */ = {isa = PBXBuildFile; fileRef = B82BE7991D2E58E600AF7091 /* FeaturedViewController.m */; };
		B82BE79D1D2E58F100AF7091 /* SellersViewController.m in Sources */ = {isa = PBXBuildFile; fileRef = B82BE79C1D2E58F100AF7091 /* SellersViewController.m */; };
		B82BE7A01D2E58FE00AF7091 /* FollowingViewController.m in Sources */ = {isa = PBXBuildFile; fileRef = B82BE79F1D2E58FE00AF7091 /* FollowingViewController.m */; };
		B82BE7A41D2E5A5700AF7091 /* SearchViewController.m in Sources */ = {isa = PBXBuildFile; fileRef = B82BE7A31D2E5A5700AF7091 /* SearchViewController.m */; };
		B83B542A1D3C5F6C0014E52D /* ProfileCollectionViewCell.m in Sources */ = {isa = PBXBuildFile; fileRef = B83B54291D3C5F6C0014E52D /* ProfileCollectionViewCell.m */; };
		B8815F501D37571900C633CB /* PaymentDetailsTableViewCell.m in Sources */ = {isa = PBXBuildFile; fileRef = B8815F4F1D37571900C633CB /* PaymentDetailsTableViewCell.m */; };
		B8815F531D3775FC00C633CB /* CYXWaterFlowLayout.m in Sources */ = {isa = PBXBuildFile; fileRef = B8815F521D3775FC00C633CB /* CYXWaterFlowLayout.m */; };
		B8906CAE1D386C9D009DDCCE /* RootTabBarViewController.m in Sources */ = {isa = PBXBuildFile; fileRef = B8906CAD1D386C9D009DDCCE /* RootTabBarViewController.m */; };
		B8A9AAF11D3622B000FFF520 /* FeaturedTableViewCell.m in Sources */ = {isa = PBXBuildFile; fileRef = B8A9AAF01D3622B000FFF520 /* FeaturedTableViewCell.m */; };
		B8A9AAF41D36254400FFF520 /* SellersTableViewCell.m in Sources */ = {isa = PBXBuildFile; fileRef = B8A9AAF31D36254400FFF520 /* SellersTableViewCell.m */; };
		B8A9AAF71D3625E400FFF520 /* FollowingTableViewCell.m in Sources */ = {isa = PBXBuildFile; fileRef = B8A9AAF61D3625E400FFF520 /* FollowingTableViewCell.m */; };
		B8BB2A351D2E501E0064ADE7 /* SignInViewController.m in Sources */ = {isa = PBXBuildFile; fileRef = B8BB2A341D2E501E0064ADE7 /* SignInViewController.m */; };
		B8BB2A381D2E502B0064ADE7 /* SignUpViewController.m in Sources */ = {isa = PBXBuildFile; fileRef = B8BB2A371D2E502B0064ADE7 /* SignUpViewController.m */; };
		B8BBE5121D35CF0A006E7AA8 /* CurrentOrderModel.m in Sources */ = {isa = PBXBuildFile; fileRef = B8BBE5111D35CF0A006E7AA8 /* CurrentOrderModel.m */; };
		B8BBE5161D35D6F6006E7AA8 /* CompleteOrderViewController.m in Sources */ = {isa = PBXBuildFile; fileRef = B8BBE5151D35D6F6006E7AA8 /* CompleteOrderViewController.m */; };
		B8BBE5191D35D83A006E7AA8 /* ShippingDetailsViewController.m in Sources */ = {isa = PBXBuildFile; fileRef = B8BBE5181D35D83A006E7AA8 /* ShippingDetailsViewController.m */; };
		B8BBE51C1D35D84F006E7AA8 /* ReviewViewController.m in Sources */ = {isa = PBXBuildFile; fileRef = B8BBE51B1D35D84F006E7AA8 /* ReviewViewController.m */; };
		B8BBE51F1D3619CE006E7AA8 /* PXAutoHeightTextView.m in Sources */ = {isa = PBXBuildFile; fileRef = B8BBE51E1D3619CE006E7AA8 /* PXAutoHeightTextView.m */; };
		B8BBE5221D363816006E7AA8 /* ReviewTableViewCell.m in Sources */ = {isa = PBXBuildFile; fileRef = B8BBE5211D363816006E7AA8 /* ReviewTableViewCell.m */; };
		B8C6E3271D3489F500E31B7F /* NavigationController.m in Sources */ = {isa = PBXBuildFile; fileRef = B8C6E3261D3489F500E31B7F /* NavigationController.m */; };
		B8C6E32A1D348B9500E31B7F /* UITextField+LXExtension.m in Sources */ = {isa = PBXBuildFile; fileRef = B8C6E3291D348B9500E31B7F /* UITextField+LXExtension.m */; };
		B8C6E3301D34B5F100E31B7F /* DealsModel.m in Sources */ = {isa = PBXBuildFile; fileRef = B8C6E32F1D34B5F100E31B7F /* DealsModel.m */; };
		B8C6E3331D34B89B00E31B7F /* MostPopularCollectionViewController.m in Sources */ = {isa = PBXBuildFile; fileRef = B8C6E3321D34B89B00E31B7F /* MostPopularCollectionViewController.m */; };
		B8C6E3361D34B8AC00E31B7F /* FeaturedCollectionViewController.m in Sources */ = {isa = PBXBuildFile; fileRef = B8C6E3351D34B8AC00E31B7F /* FeaturedCollectionViewController.m */; };
		B8C6E3391D34B8EE00E31B7F /* DealsOfTheMonthCollectionViewController.m in Sources */ = {isa = PBXBuildFile; fileRef = B8C6E3381D34B8EE00E31B7F /* DealsOfTheMonthCollectionViewController.m */; };
		B8C6E33D1D34BE9700E31B7F /* MostPopularCollectionViewCell.m in Sources */ = {isa = PBXBuildFile; fileRef = B8C6E33C1D34BE9700E31B7F /* MostPopularCollectionViewCell.m */; };
		B8C6E3421D34BF9B00E31B7F /* MostPopularCollectionViewCell.xib in Resources */ = {isa = PBXBuildFile; fileRef = B8C6E3411D34BF9B00E31B7F /* MostPopularCollectionViewCell.xib */; };
		B8C6E3451D34E90700E31B7F /* CurrentOrderTableViewController.m in Sources */ = {isa = PBXBuildFile; fileRef = B8C6E3441D34E90700E31B7F /* CurrentOrderTableViewController.m */; };
		B8C6E3481D34E91800E31B7F /* PendingOrdersTableViewController.m in Sources */ = {isa = PBXBuildFile; fileRef = B8C6E3471D34E91800E31B7F /* PendingOrdersTableViewController.m */; };
		B8C6E34B1D34E93900E31B7F /* HistoryTableViewController.m in Sources */ = {isa = PBXBuildFile; fileRef = B8C6E34A1D34E93900E31B7F /* HistoryTableViewController.m */; };
		B8C6E3501D34EA7900E31B7F /* CurrentOrderTableViewCell.m in Sources */ = {isa = PBXBuildFile; fileRef = B8C6E34F1D34EA7900E31B7F /* CurrentOrderTableViewCell.m */; };
		B8C6E3521D34EA9500E31B7F /* CurrentOrderTableViewCell.xib in Resources */ = {isa = PBXBuildFile; fileRef = B8C6E3511D34EA9500E31B7F /* CurrentOrderTableViewCell.xib */; };
		B8ED54E21D34787A006FEA51 /* PopularTableViewCell.m in Sources */ = {isa = PBXBuildFile; fileRef = B8ED54E11D34787A006FEA51 /* PopularTableViewCell.m */; };
		B8ED54E51D349BB8006FEA51 /* SearchTableViewCell.m in Sources */ = {isa = PBXBuildFile; fileRef = B8ED54E41D349BB8006FEA51 /* SearchTableViewCell.m */; };
		B8ED54EB1D34B6D4006FEA51 /* HomeQuickViewController.m in Sources */ = {isa = PBXBuildFile; fileRef = B8ED54EA1D34B6D4006FEA51 /* HomeQuickViewController.m */; };
		B8ED54F11D34D362006FEA51 /* DetialViewController.m in Sources */ = {isa = PBXBuildFile; fileRef = B8ED54F01D34D362006FEA51 /* DetialViewController.m */; };
		B8ED54F41D34DC35006FEA51 /* AskQuestionViewController.m in Sources */ = {isa = PBXBuildFile; fileRef = B8ED54F31D34DC35006FEA51 /* AskQuestionViewController.m */; };
		B8ED54F81D34DE84006FEA51 /* AskQuestionTableViewCell.m in Sources */ = {isa = PBXBuildFile; fileRef = B8ED54F71D34DE84006FEA51 /* AskQuestionTableViewCell.m */; };
/* End PBXBuildFile section */

/* Begin PBXContainerItemProxy section */
		B82BE7311D2DE54400AF7091 /* PBXContainerItemProxy */ = {
			isa = PBXContainerItemProxy;
			containerPortal = B82BE70F1D2DE54400AF7091 /* Project object */;
			proxyType = 1;
			remoteGlobalIDString = B82BE7161D2DE54400AF7091;
			remoteInfo = Order;
		};
		B82BE73C1D2DE54400AF7091 /* PBXContainerItemProxy */ = {
			isa = PBXContainerItemProxy;
			containerPortal = B82BE70F1D2DE54400AF7091 /* Project object */;
			proxyType = 1;
			remoteGlobalIDString = B82BE7161D2DE54400AF7091;
			remoteInfo = Order;
		};
/* End PBXContainerItemProxy section */

/* Begin PBXFileReference section */
		2445A53088149FAEBE4FFD5F /* libPods-Order.a */ = {isa = PBXFileReference; explicitFileType = archive.ar; includeInIndex = 0; path = "libPods-Order.a"; sourceTree = BUILT_PRODUCTS_DIR; };
		7EA0DB3D518BC6CCC4534B92 /* Pods-Order.debug.xcconfig */ = {isa = PBXFileReference; includeInIndex = 1; lastKnownFileType = text.xcconfig; name = "Pods-Order.debug.xcconfig"; path = "Pods/Target Support Files/Pods-Order/Pods-Order.debug.xcconfig"; sourceTree = "<group>"; };
		B81128AA1D3872920020726F /* HPGrowingTextView.h */ = {isa = PBXFileReference; fileEncoding = 4; lastKnownFileType = sourcecode.c.h; name = HPGrowingTextView.h; path = HPGrowingTextView/HPGrowingTextView.h; sourceTree = "<group>"; };
		B81128AB1D3872920020726F /* HPGrowingTextView.m */ = {isa = PBXFileReference; fileEncoding = 4; lastKnownFileType = sourcecode.c.objc; name = HPGrowingTextView.m; path = HPGrowingTextView/HPGrowingTextView.m; sourceTree = "<group>"; };
		B81128AC1D3872920020726F /* HPTextViewInternal.h */ = {isa = PBXFileReference; fileEncoding = 4; lastKnownFileType = sourcecode.c.h; name = HPTextViewInternal.h; path = HPGrowingTextView/HPTextViewInternal.h; sourceTree = "<group>"; };
		B81128AD1D3872920020726F /* HPTextViewInternal.m */ = {isa = PBXFileReference; fileEncoding = 4; lastKnownFileType = sourcecode.c.objc; name = HPTextViewInternal.m; path = HPGrowingTextView/HPTextViewInternal.m; sourceTree = "<group>"; };
		B82BE7171D2DE54400AF7091 /* Order.app */ = {isa = PBXFileReference; explicitFileType = wrapper.application; includeInIndex = 0; path = Order.app; sourceTree = BUILT_PRODUCTS_DIR; };
		B82BE71B1D2DE54400AF7091 /* main.m */ = {isa = PBXFileReference; lastKnownFileType = sourcecode.c.objc; path = main.m; sourceTree = "<group>"; };
		B82BE71D1D2DE54400AF7091 /* AppDelegate.h */ = {isa = PBXFileReference; lastKnownFileType = sourcecode.c.h; path = AppDelegate.h; sourceTree = "<group>"; };
		B82BE71E1D2DE54400AF7091 /* AppDelegate.m */ = {isa = PBXFileReference; lastKnownFileType = sourcecode.c.objc; path = AppDelegate.m; sourceTree = "<group>"; };
		B82BE7261D2DE54400AF7091 /* Assets.xcassets */ = {isa = PBXFileReference; lastKnownFileType = folder.assetcatalog; path = Assets.xcassets; sourceTree = "<group>"; };
		B82BE7291D2DE54400AF7091 /* Base */ = {isa = PBXFileReference; lastKnownFileType = file.storyboard; name = Base; path = Base.lproj/LaunchScreen.storyboard; sourceTree = "<group>"; };
		B82BE72B1D2DE54400AF7091 /* Info.plist */ = {isa = PBXFileReference; lastKnownFileType = text.plist.xml; path = Info.plist; sourceTree = "<group>"; };
		B82BE7301D2DE54400AF7091 /* OrderTests.xctest */ = {isa = PBXFileReference; explicitFileType = wrapper.cfbundle; includeInIndex = 0; path = OrderTests.xctest; sourceTree = BUILT_PRODUCTS_DIR; };
		B82BE7341D2DE54400AF7091 /* OrderTests.m */ = {isa = PBXFileReference; lastKnownFileType = sourcecode.c.objc; path = OrderTests.m; sourceTree = "<group>"; };
		B82BE7361D2DE54400AF7091 /* Info.plist */ = {isa = PBXFileReference; lastKnownFileType = text.plist.xml; path = Info.plist; sourceTree = "<group>"; };
		B82BE73B1D2DE54400AF7091 /* OrderUITests.xctest */ = {isa = PBXFileReference; explicitFileType = wrapper.cfbundle; includeInIndex = 0; path = OrderUITests.xctest; sourceTree = BUILT_PRODUCTS_DIR; };
		B82BE73F1D2DE54400AF7091 /* OrderUITests.m */ = {isa = PBXFileReference; lastKnownFileType = sourcecode.c.objc; path = OrderUITests.m; sourceTree = "<group>"; };
		B82BE7411D2DE54400AF7091 /* Info.plist */ = {isa = PBXFileReference; lastKnownFileType = text.plist.xml; path = Info.plist; sourceTree = "<group>"; };
		B82BE7521D2DE61B00AF7091 /* Home.storyboard */ = {isa = PBXFileReference; fileEncoding = 4; lastKnownFileType = file.storyboard; path = Home.storyboard; sourceTree = "<group>"; };
		B82BE7541D2DE62C00AF7091 /* TabBar.storyboard */ = {isa = PBXFileReference; fileEncoding = 4; lastKnownFileType = file.storyboard; path = TabBar.storyboard; sourceTree = "<group>"; };
		B82BE7561D2DE64F00AF7091 /* Deals.storyboard */ = {isa = PBXFileReference; fileEncoding = 4; lastKnownFileType = file.storyboard; path = Deals.storyboard; sourceTree = "<group>"; };
		B82BE7581D2DE66000AF7091 /* Tags.storyboard */ = {isa = PBXFileReference; fileEncoding = 4; lastKnownFileType = file.storyboard; path = Tags.storyboard; sourceTree = "<group>"; };
		B82BE75A1D2DE67700AF7091 /* Profile.storyboard */ = {isa = PBXFileReference; fileEncoding = 4; lastKnownFileType = file.storyboard; path = Profile.storyboard; sourceTree = "<group>"; };
		B82BE75C1D2DE68D00AF7091 /* Center.storyboard */ = {isa = PBXFileReference; fileEncoding = 4; lastKnownFileType = file.storyboard; path = Center.storyboard; sourceTree = "<group>"; };
		B82BE75E1D2DE6D900AF7091 /* TabBarViewController.h */ = {isa = PBXFileReference; fileEncoding = 4; lastKnownFileType = sourcecode.c.h; path = TabBarViewController.h; sourceTree = "<group>"; };
		B82BE75F1D2DE6D900AF7091 /* TabBarViewController.m */ = {isa = PBXFileReference; fileEncoding = 4; lastKnownFileType = sourcecode.c.objc; path = TabBarViewController.m; sourceTree = "<group>"; };
		B82BE7631D2DE71200AF7091 /* HomeViewController.h */ = {isa = PBXFileReference; fileEncoding = 4; lastKnownFileType = sourcecode.c.h; path = HomeViewController.h; sourceTree = "<group>"; };
		B82BE7641D2DE71200AF7091 /* HomeViewController.m */ = {isa = PBXFileReference; fileEncoding = 4; lastKnownFileType = sourcecode.c.objc; path = HomeViewController.m; sourceTree = "<group>"; };
		B82BE7671D2DE72A00AF7091 /* DealsViewController.h */ = {isa = PBXFileReference; fileEncoding = 4; lastKnownFileType = sourcecode.c.h; path = DealsViewController.h; sourceTree = "<group>"; };
		B82BE7681D2DE72A00AF7091 /* DealsViewController.m */ = {isa = PBXFileReference; fileEncoding = 4; lastKnownFileType = sourcecode.c.objc; path = DealsViewController.m; sourceTree = "<group>"; };
		B82BE76B1D2DE75900AF7091 /* TagsViewController.h */ = {isa = PBXFileReference; fileEncoding = 4; lastKnownFileType = sourcecode.c.h; path = TagsViewController.h; sourceTree = "<group>"; };
		B82BE76C1D2DE75900AF7091 /* TagsViewController.m */ = {isa = PBXFileReference; fileEncoding = 4; lastKnownFileType = sourcecode.c.objc; path = TagsViewController.m; sourceTree = "<group>"; };
		B82BE76F1D2DE76F00AF7091 /* ProfileViewController.h */ = {isa = PBXFileReference; fileEncoding = 4; lastKnownFileType = sourcecode.c.h; path = ProfileViewController.h; sourceTree = "<group>"; };
		B82BE7701D2DE76F00AF7091 /* ProfileViewController.m */ = {isa = PBXFileReference; fileEncoding = 4; lastKnownFileType = sourcecode.c.objc; path = ProfileViewController.m; sourceTree = "<group>"; };
		B82BE7731D2DE78700AF7091 /* CenterViewController.h */ = {isa = PBXFileReference; fileEncoding = 4; lastKnownFileType = sourcecode.c.h; path = CenterViewController.h; sourceTree = "<group>"; };
		B82BE7741D2DE78700AF7091 /* CenterViewController.m */ = {isa = PBXFileReference; fileEncoding = 4; lastKnownFileType = sourcecode.c.objc; path = CenterViewController.m; sourceTree = "<group>"; };
		B82BE7771D2DE90500AF7091 /* Utilities.h */ = {isa = PBXFileReference; fileEncoding = 4; lastKnownFileType = sourcecode.c.h; path = Utilities.h; sourceTree = "<group>"; };
		B82BE7781D2DE90500AF7091 /* Utilities.m */ = {isa = PBXFileReference; fileEncoding = 4; lastKnownFileType = sourcecode.c.objc; path = Utilities.m; sourceTree = "<group>"; };
		B82BE77C1D2DE91E00AF7091 /* StorageMgr.h */ = {isa = PBXFileReference; fileEncoding = 4; lastKnownFileType = sourcecode.c.h; path = StorageMgr.h; sourceTree = "<group>"; };
		B82BE77D1D2DE91E00AF7091 /* StorageMgr.m */ = {isa = PBXFileReference; fileEncoding = 4; lastKnownFileType = sourcecode.c.objc; path = StorageMgr.m; sourceTree = "<group>"; };
		B82BE7811D2DE97C00AF7091 /* Constants.h */ = {isa = PBXFileReference; lastKnownFileType = sourcecode.c.h; path = Constants.h; sourceTree = "<group>"; };
		B82BE7821D2DF52900AF7091 /* PrefixHeader.pch */ = {isa = PBXFileReference; lastKnownFileType = sourcecode.c.h; path = PrefixHeader.pch; sourceTree = "<group>"; };
		B82BE7831D2DF81800AF7091 /* Other.storyboard */ = {isa = PBXFileReference; fileEncoding = 4; lastKnownFileType = file.storyboard; path = Other.storyboard; sourceTree = "<group>"; };
		B82BE7861D2DF84200AF7091 /* OtherViewController.h */ = {isa = PBXFileReference; fileEncoding = 4; lastKnownFileType = sourcecode.c.h; path = OtherViewController.h; sourceTree = "<group>"; };
		B82BE7871D2DF84200AF7091 /* OtherViewController.m */ = {isa = PBXFileReference; fileEncoding = 4; lastKnownFileType = sourcecode.c.objc; path = OtherViewController.m; sourceTree = "<group>"; };
		B82BE7951D2E58D400AF7091 /* PopularViewController.h */ = {isa = PBXFileReference; fileEncoding = 4; lastKnownFileType = sourcecode.c.h; path = PopularViewController.h; sourceTree = "<group>"; };
		B82BE7961D2E58D400AF7091 /* PopularViewController.m */ = {isa = PBXFileReference; fileEncoding = 4; lastKnownFileType = sourcecode.c.objc; path = PopularViewController.m; sourceTree = "<group>"; };
		B82BE7981D2E58E600AF7091 /* FeaturedViewController.h */ = {isa = PBXFileReference; fileEncoding = 4; lastKnownFileType = sourcecode.c.h; path = FeaturedViewController.h; sourceTree = "<group>"; };
		B82BE7991D2E58E600AF7091 /* FeaturedViewController.m */ = {isa = PBXFileReference; fileEncoding = 4; lastKnownFileType = sourcecode.c.objc; path = FeaturedViewController.m; sourceTree = "<group>"; };
		B82BE79B1D2E58F100AF7091 /* SellersViewController.h */ = {isa = PBXFileReference; fileEncoding = 4; lastKnownFileType = sourcecode.c.h; path = SellersViewController.h; sourceTree = "<group>"; };
		B82BE79C1D2E58F100AF7091 /* SellersViewController.m */ = {isa = PBXFileReference; fileEncoding = 4; lastKnownFileType = sourcecode.c.objc; path = SellersViewController.m; sourceTree = "<group>"; };
		B82BE79E1D2E58FE00AF7091 /* FollowingViewController.h */ = {isa = PBXFileReference; fileEncoding = 4; lastKnownFileType = sourcecode.c.h; path = FollowingViewController.h; sourceTree = "<group>"; };
		B82BE79F1D2E58FE00AF7091 /* FollowingViewController.m */ = {isa = PBXFileReference; fileEncoding = 4; lastKnownFileType = sourcecode.c.objc; path = FollowingViewController.m; sourceTree = "<group>"; };
		B82BE7A21D2E5A5700AF7091 /* SearchViewController.h */ = {isa = PBXFileReference; fileEncoding = 4; lastKnownFileType = sourcecode.c.h; path = SearchViewController.h; sourceTree = "<group>"; };
		B82BE7A31D2E5A5700AF7091 /* SearchViewController.m */ = {isa = PBXFileReference; fileEncoding = 4; lastKnownFileType = sourcecode.c.objc; path = SearchViewController.m; sourceTree = "<group>"; };
		B83B54281D3C5F6C0014E52D /* ProfileCollectionViewCell.h */ = {isa = PBXFileReference; fileEncoding = 4; lastKnownFileType = sourcecode.c.h; path = ProfileCollectionViewCell.h; sourceTree = "<group>"; };
		B83B54291D3C5F6C0014E52D /* ProfileCollectionViewCell.m */ = {isa = PBXFileReference; fileEncoding = 4; lastKnownFileType = sourcecode.c.objc; path = ProfileCollectionViewCell.m; sourceTree = "<group>"; };
		B8815F4E1D37571900C633CB /* PaymentDetailsTableViewCell.h */ = {isa = PBXFileReference; fileEncoding = 4; lastKnownFileType = sourcecode.c.h; path = PaymentDetailsTableViewCell.h; sourceTree = "<group>"; };
		B8815F4F1D37571900C633CB /* PaymentDetailsTableViewCell.m */ = {isa = PBXFileReference; fileEncoding = 4; lastKnownFileType = sourcecode.c.objc; path = PaymentDetailsTableViewCell.m; sourceTree = "<group>"; };
		B8815F511D3775FC00C633CB /* CYXWaterFlowLayout.h */ = {isa = PBXFileReference; fileEncoding = 4; lastKnownFileType = sourcecode.c.h; path = CYXWaterFlowLayout.h; sourceTree = "<group>"; };
		B8815F521D3775FC00C633CB /* CYXWaterFlowLayout.m */ = {isa = PBXFileReference; fileEncoding = 4; lastKnownFileType = sourcecode.c.objc; path = CYXWaterFlowLayout.m; sourceTree = "<group>"; };
		B8906CAC1D386C9D009DDCCE /* RootTabBarViewController.h */ = {isa = PBXFileReference; fileEncoding = 4; lastKnownFileType = sourcecode.c.h; path = RootTabBarViewController.h; sourceTree = "<group>"; };
		B8906CAD1D386C9D009DDCCE /* RootTabBarViewController.m */ = {isa = PBXFileReference; fileEncoding = 4; lastKnownFileType = sourcecode.c.objc; path = RootTabBarViewController.m; sourceTree = "<group>"; };
		B8A9AAEF1D3622B000FFF520 /* FeaturedTableViewCell.h */ = {isa = PBXFileReference; fileEncoding = 4; lastKnownFileType = sourcecode.c.h; path = FeaturedTableViewCell.h; sourceTree = "<group>"; };
		B8A9AAF01D3622B000FFF520 /* FeaturedTableViewCell.m */ = {isa = PBXFileReference; fileEncoding = 4; lastKnownFileType = sourcecode.c.objc; path = FeaturedTableViewCell.m; sourceTree = "<group>"; };
		B8A9AAF21D36254400FFF520 /* SellersTableViewCell.h */ = {isa = PBXFileReference; fileEncoding = 4; lastKnownFileType = sourcecode.c.h; path = SellersTableViewCell.h; sourceTree = "<group>"; };
		B8A9AAF31D36254400FFF520 /* SellersTableViewCell.m */ = {isa = PBXFileReference; fileEncoding = 4; lastKnownFileType = sourcecode.c.objc; path = SellersTableViewCell.m; sourceTree = "<group>"; };
		B8A9AAF51D3625E400FFF520 /* FollowingTableViewCell.h */ = {isa = PBXFileReference; fileEncoding = 4; lastKnownFileType = sourcecode.c.h; path = FollowingTableViewCell.h; sourceTree = "<group>"; };
		B8A9AAF61D3625E400FFF520 /* FollowingTableViewCell.m */ = {isa = PBXFileReference; fileEncoding = 4; lastKnownFileType = sourcecode.c.objc; path = FollowingTableViewCell.m; sourceTree = "<group>"; };
		B8BB2A331D2E501E0064ADE7 /* SignInViewController.h */ = {isa = PBXFileReference; fileEncoding = 4; lastKnownFileType = sourcecode.c.h; path = SignInViewController.h; sourceTree = "<group>"; };
		B8BB2A341D2E501E0064ADE7 /* SignInViewController.m */ = {isa = PBXFileReference; fileEncoding = 4; lastKnownFileType = sourcecode.c.objc; path = SignInViewController.m; sourceTree = "<group>"; };
		B8BB2A361D2E502B0064ADE7 /* SignUpViewController.h */ = {isa = PBXFileReference; fileEncoding = 4; lastKnownFileType = sourcecode.c.h; path = SignUpViewController.h; sourceTree = "<group>"; };
		B8BB2A371D2E502B0064ADE7 /* SignUpViewController.m */ = {isa = PBXFileReference; fileEncoding = 4; lastKnownFileType = sourcecode.c.objc; path = SignUpViewController.m; sourceTree = "<group>"; };
		B8BBE5101D35CF0A006E7AA8 /* CurrentOrderModel.h */ = {isa = PBXFileReference; fileEncoding = 4; lastKnownFileType = sourcecode.c.h; path = CurrentOrderModel.h; sourceTree = "<group>"; };
		B8BBE5111D35CF0A006E7AA8 /* CurrentOrderModel.m */ = {isa = PBXFileReference; fileEncoding = 4; lastKnownFileType = sourcecode.c.objc; path = CurrentOrderModel.m; sourceTree = "<group>"; };
		B8BBE5141D35D6F6006E7AA8 /* CompleteOrderViewController.h */ = {isa = PBXFileReference; fileEncoding = 4; lastKnownFileType = sourcecode.c.h; path = CompleteOrderViewController.h; sourceTree = "<group>"; };
		B8BBE5151D35D6F6006E7AA8 /* CompleteOrderViewController.m */ = {isa = PBXFileReference; fileEncoding = 4; lastKnownFileType = sourcecode.c.objc; path = CompleteOrderViewController.m; sourceTree = "<group>"; };
		B8BBE5171D35D83A006E7AA8 /* ShippingDetailsViewController.h */ = {isa = PBXFileReference; fileEncoding = 4; lastKnownFileType = sourcecode.c.h; path = ShippingDetailsViewController.h; sourceTree = "<group>"; };
		B8BBE5181D35D83A006E7AA8 /* ShippingDetailsViewController.m */ = {isa = PBXFileReference; fileEncoding = 4; lastKnownFileType = sourcecode.c.objc; path = ShippingDetailsViewController.m; sourceTree = "<group>"; };
		B8BBE51A1D35D84F006E7AA8 /* ReviewViewController.h */ = {isa = PBXFileReference; fileEncoding = 4; lastKnownFileType = sourcecode.c.h; path = ReviewViewController.h; sourceTree = "<group>"; };
		B8BBE51B1D35D84F006E7AA8 /* ReviewViewController.m */ = {isa = PBXFileReference; fileEncoding = 4; lastKnownFileType = sourcecode.c.objc; path = ReviewViewController.m; sourceTree = "<group>"; };
		B8BBE51D1D3619CE006E7AA8 /* PXAutoHeightTextView.h */ = {isa = PBXFileReference; fileEncoding = 4; lastKnownFileType = sourcecode.c.h; path = PXAutoHeightTextView.h; sourceTree = "<group>"; };
		B8BBE51E1D3619CE006E7AA8 /* PXAutoHeightTextView.m */ = {isa = PBXFileReference; fileEncoding = 4; lastKnownFileType = sourcecode.c.objc; path = PXAutoHeightTextView.m; sourceTree = "<group>"; };
		B8BBE5201D363816006E7AA8 /* ReviewTableViewCell.h */ = {isa = PBXFileReference; fileEncoding = 4; lastKnownFileType = sourcecode.c.h; path = ReviewTableViewCell.h; sourceTree = "<group>"; };
		B8BBE5211D363816006E7AA8 /* ReviewTableViewCell.m */ = {isa = PBXFileReference; fileEncoding = 4; lastKnownFileType = sourcecode.c.objc; path = ReviewTableViewCell.m; sourceTree = "<group>"; };
		B8C6E3251D3489F500E31B7F /* NavigationController.h */ = {isa = PBXFileReference; fileEncoding = 4; lastKnownFileType = sourcecode.c.h; path = NavigationController.h; sourceTree = "<group>"; };
		B8C6E3261D3489F500E31B7F /* NavigationController.m */ = {isa = PBXFileReference; fileEncoding = 4; lastKnownFileType = sourcecode.c.objc; path = NavigationController.m; sourceTree = "<group>"; };
		B8C6E3281D348B9500E31B7F /* UITextField+LXExtension.h */ = {isa = PBXFileReference; fileEncoding = 4; lastKnownFileType = sourcecode.c.h; path = "UITextField+LXExtension.h"; sourceTree = "<group>"; };
		B8C6E3291D348B9500E31B7F /* UITextField+LXExtension.m */ = {isa = PBXFileReference; fileEncoding = 4; lastKnownFileType = sourcecode.c.objc; path = "UITextField+LXExtension.m"; sourceTree = "<group>"; };
		B8C6E32E1D34B5F100E31B7F /* DealsModel.h */ = {isa = PBXFileReference; fileEncoding = 4; lastKnownFileType = sourcecode.c.h; path = DealsModel.h; sourceTree = "<group>"; };
		B8C6E32F1D34B5F100E31B7F /* DealsModel.m */ = {isa = PBXFileReference; fileEncoding = 4; lastKnownFileType = sourcecode.c.objc; path = DealsModel.m; sourceTree = "<group>"; };
		B8C6E3311D34B89B00E31B7F /* MostPopularCollectionViewController.h */ = {isa = PBXFileReference; fileEncoding = 4; lastKnownFileType = sourcecode.c.h; path = MostPopularCollectionViewController.h; sourceTree = "<group>"; };
		B8C6E3321D34B89B00E31B7F /* MostPopularCollectionViewController.m */ = {isa = PBXFileReference; fileEncoding = 4; lastKnownFileType = sourcecode.c.objc; path = MostPopularCollectionViewController.m; sourceTree = "<group>"; };
		B8C6E3341D34B8AC00E31B7F /* FeaturedCollectionViewController.h */ = {isa = PBXFileReference; fileEncoding = 4; lastKnownFileType = sourcecode.c.h; path = FeaturedCollectionViewController.h; sourceTree = "<group>"; };
		B8C6E3351D34B8AC00E31B7F /* FeaturedCollectionViewController.m */ = {isa = PBXFileReference; fileEncoding = 4; lastKnownFileType = sourcecode.c.objc; path = FeaturedCollectionViewController.m; sourceTree = "<group>"; };
		B8C6E3371D34B8EE00E31B7F /* DealsOfTheMonthCollectionViewController.h */ = {isa = PBXFileReference; fileEncoding = 4; lastKnownFileType = sourcecode.c.h; path = DealsOfTheMonthCollectionViewController.h; sourceTree = "<group>"; };
		B8C6E3381D34B8EE00E31B7F /* DealsOfTheMonthCollectionViewController.m */ = {isa = PBXFileReference; fileEncoding = 4; lastKnownFileType = sourcecode.c.objc; path = DealsOfTheMonthCollectionViewController.m; sourceTree = "<group>"; };
		B8C6E33B1D34BE9700E31B7F /* MostPopularCollectionViewCell.h */ = {isa = PBXFileReference; fileEncoding = 4; lastKnownFileType = sourcecode.c.h; path = MostPopularCollectionViewCell.h; sourceTree = "<group>"; };
		B8C6E33C1D34BE9700E31B7F /* MostPopularCollectionViewCell.m */ = {isa = PBXFileReference; fileEncoding = 4; lastKnownFileType = sourcecode.c.objc; path = MostPopularCollectionViewCell.m; sourceTree = "<group>"; };
		B8C6E3411D34BF9B00E31B7F /* MostPopularCollectionViewCell.xib */ = {isa = PBXFileReference; fileEncoding = 4; lastKnownFileType = file.xib; path = MostPopularCollectionViewCell.xib; sourceTree = "<group>"; };
		B8C6E3431D34E90700E31B7F /* CurrentOrderTableViewController.h */ = {isa = PBXFileReference; fileEncoding = 4; lastKnownFileType = sourcecode.c.h; path = CurrentOrderTableViewController.h; sourceTree = "<group>"; };
		B8C6E3441D34E90700E31B7F /* CurrentOrderTableViewController.m */ = {isa = PBXFileReference; fileEncoding = 4; lastKnownFileType = sourcecode.c.objc; path = CurrentOrderTableViewController.m; sourceTree = "<group>"; };
		B8C6E3461D34E91800E31B7F /* PendingOrdersTableViewController.h */ = {isa = PBXFileReference; fileEncoding = 4; lastKnownFileType = sourcecode.c.h; path = PendingOrdersTableViewController.h; sourceTree = "<group>"; };
		B8C6E3471D34E91800E31B7F /* PendingOrdersTableViewController.m */ = {isa = PBXFileReference; fileEncoding = 4; lastKnownFileType = sourcecode.c.objc; path = PendingOrdersTableViewController.m; sourceTree = "<group>"; };
		B8C6E3491D34E93900E31B7F /* HistoryTableViewController.h */ = {isa = PBXFileReference; fileEncoding = 4; lastKnownFileType = sourcecode.c.h; path = HistoryTableViewController.h; sourceTree = "<group>"; };
		B8C6E34A1D34E93900E31B7F /* HistoryTableViewController.m */ = {isa = PBXFileReference; fileEncoding = 4; lastKnownFileType = sourcecode.c.objc; path = HistoryTableViewController.m; sourceTree = "<group>"; };
		B8C6E34E1D34EA7900E31B7F /* CurrentOrderTableViewCell.h */ = {isa = PBXFileReference; fileEncoding = 4; lastKnownFileType = sourcecode.c.h; path = CurrentOrderTableViewCell.h; sourceTree = "<group>"; };
		B8C6E34F1D34EA7900E31B7F /* CurrentOrderTableViewCell.m */ = {isa = PBXFileReference; fileEncoding = 4; lastKnownFileType = sourcecode.c.objc; path = CurrentOrderTableViewCell.m; sourceTree = "<group>"; };
		B8C6E3511D34EA9500E31B7F /* CurrentOrderTableViewCell.xib */ = {isa = PBXFileReference; fileEncoding = 4; lastKnownFileType = file.xib; path = CurrentOrderTableViewCell.xib; sourceTree = "<group>"; };
		B8ED54E01D34787A006FEA51 /* PopularTableViewCell.h */ = {isa = PBXFileReference; fileEncoding = 4; lastKnownFileType = sourcecode.c.h; path = PopularTableViewCell.h; sourceTree = "<group>"; };
		B8ED54E11D34787A006FEA51 /* PopularTableViewCell.m */ = {isa = PBXFileReference; fileEncoding = 4; lastKnownFileType = sourcecode.c.objc; path = PopularTableViewCell.m; sourceTree = "<group>"; };
		B8ED54E31D349BB8006FEA51 /* SearchTableViewCell.h */ = {isa = PBXFileReference; fileEncoding = 4; lastKnownFileType = sourcecode.c.h; path = SearchTableViewCell.h; sourceTree = "<group>"; };
		B8ED54E41D349BB8006FEA51 /* SearchTableViewCell.m */ = {isa = PBXFileReference; fileEncoding = 4; lastKnownFileType = sourcecode.c.objc; path = SearchTableViewCell.m; sourceTree = "<group>"; };
		B8ED54E91D34B6D4006FEA51 /* HomeQuickViewController.h */ = {isa = PBXFileReference; fileEncoding = 4; lastKnownFileType = sourcecode.c.h; path = HomeQuickViewController.h; sourceTree = "<group>"; };
		B8ED54EA1D34B6D4006FEA51 /* HomeQuickViewController.m */ = {isa = PBXFileReference; fileEncoding = 4; lastKnownFileType = sourcecode.c.objc; path = HomeQuickViewController.m; sourceTree = "<group>"; };
		B8ED54EF1D34D362006FEA51 /* DetialViewController.h */ = {isa = PBXFileReference; fileEncoding = 4; lastKnownFileType = sourcecode.c.h; path = DetialViewController.h; sourceTree = "<group>"; };
		B8ED54F01D34D362006FEA51 /* DetialViewController.m */ = {isa = PBXFileReference; fileEncoding = 4; lastKnownFileType = sourcecode.c.objc; path = DetialViewController.m; sourceTree = "<group>"; };
		B8ED54F21D34DC35006FEA51 /* AskQuestionViewController.h */ = {isa = PBXFileReference; fileEncoding = 4; lastKnownFileType = sourcecode.c.h; path = AskQuestionViewController.h; sourceTree = "<group>"; };
		B8ED54F31D34DC35006FEA51 /* AskQuestionViewController.m */ = {isa = PBXFileReference; fileEncoding = 4; lastKnownFileType = sourcecode.c.objc; path = AskQuestionViewController.m; sourceTree = "<group>"; };
		B8ED54F61D34DE84006FEA51 /* AskQuestionTableViewCell.h */ = {isa = PBXFileReference; fileEncoding = 4; lastKnownFileType = sourcecode.c.h; path = AskQuestionTableViewCell.h; sourceTree = "<group>"; };
		B8ED54F71D34DE84006FEA51 /* AskQuestionTableViewCell.m */ = {isa = PBXFileReference; fileEncoding = 4; lastKnownFileType = sourcecode.c.objc; path = AskQuestionTableViewCell.m; sourceTree = "<group>"; };
		DD35A665C02B64F23C671F1D /* Pods-Order.release.xcconfig */ = {isa = PBXFileReference; includeInIndex = 1; lastKnownFileType = text.xcconfig; name = "Pods-Order.release.xcconfig"; path = "Pods/Target Support Files/Pods-Order/Pods-Order.release.xcconfig"; sourceTree = "<group>"; };
/* End PBXFileReference section */

/* Begin PBXFrameworksBuildPhase section */
		B82BE7141D2DE54400AF7091 /* Frameworks */ = {
			isa = PBXFrameworksBuildPhase;
			buildActionMask = 2147483647;
			files = (
				9881CA8A09D936C35EC5C19F /* libPods-Order.a in Frameworks */,
			);
			runOnlyForDeploymentPostprocessing = 0;
		};
		B82BE72D1D2DE54400AF7091 /* Frameworks */ = {
			isa = PBXFrameworksBuildPhase;
			buildActionMask = 2147483647;
			files = (
			);
			runOnlyForDeploymentPostprocessing = 0;
		};
		B82BE7381D2DE54400AF7091 /* Frameworks */ = {
			isa = PBXFrameworksBuildPhase;
			buildActionMask = 2147483647;
			files = (
			);
			runOnlyForDeploymentPostprocessing = 0;
		};
/* End PBXFrameworksBuildPhase section */

/* Begin PBXGroup section */
		3700006993CBAFF9DD860501 /* Frameworks */ = {
			isa = PBXGroup;
			children = (
				2445A53088149FAEBE4FFD5F /* libPods-Order.a */,
			);
			name = Frameworks;
			sourceTree = "<group>";
		};
		B81128A91D3872890020726F /* HPGrowingTextView */ = {
			isa = PBXGroup;
			children = (
				B81128AA1D3872920020726F /* HPGrowingTextView.h */,
				B81128AB1D3872920020726F /* HPGrowingTextView.m */,
				B81128AC1D3872920020726F /* HPTextViewInternal.h */,
				B81128AD1D3872920020726F /* HPTextViewInternal.m */,
			);
			name = HPGrowingTextView;
			sourceTree = "<group>";
		};
		B82BE70E1D2DE54400AF7091 = {
			isa = PBXGroup;
			children = (
				B82BE7191D2DE54400AF7091 /* Order */,
				B82BE7331D2DE54400AF7091 /* OrderTests */,
				B82BE73E1D2DE54400AF7091 /* OrderUITests */,
				B82BE7181D2DE54400AF7091 /* Products */,
				DA0E20A9D29C9AB2EBC249D1 /* Pods */,
				3700006993CBAFF9DD860501 /* Frameworks */,
			);
			sourceTree = "<group>";
		};
		B82BE7181D2DE54400AF7091 /* Products */ = {
			isa = PBXGroup;
			children = (
				B82BE7171D2DE54400AF7091 /* Order.app */,
				B82BE7301D2DE54400AF7091 /* OrderTests.xctest */,
				B82BE73B1D2DE54400AF7091 /* OrderUITests.xctest */,
			);
			name = Products;
			sourceTree = "<group>";
		};
		B82BE7191D2DE54400AF7091 /* Order */ = {
			isa = PBXGroup;
			children = (
				B82BE7801D2DE96B00AF7091 /* Constants */,
				B82BE7761D2DE8DA00AF7091 /* Utilities */,
				B82BE7511D2DE5A700AF7091 /* Constants */,
				B82BE7501D2DE5A000AF7091 /* 3rd */,
				B82BE74E1D2DE57100AF7091 /* View */,
				B82BE74F1D2DE58F00AF7091 /* Controller */,
				B82BE74D1D2DE56900AF7091 /* Model */,
				B82BE71A1D2DE54400AF7091 /* Supporting Files */,
			);
			path = Order;
			sourceTree = "<group>";
		};
		B82BE71A1D2DE54400AF7091 /* Supporting Files */ = {
			isa = PBXGroup;
			children = (
				B82BE71D1D2DE54400AF7091 /* AppDelegate.h */,
				B82BE71E1D2DE54400AF7091 /* AppDelegate.m */,
				B82BE7821D2DF52900AF7091 /* PrefixHeader.pch */,
				B82BE72B1D2DE54400AF7091 /* Info.plist */,
				B82BE71B1D2DE54400AF7091 /* main.m */,
			);
			name = "Supporting Files";
			sourceTree = "<group>";
		};
		B82BE7331D2DE54400AF7091 /* OrderTests */ = {
			isa = PBXGroup;
			children = (
				B82BE7341D2DE54400AF7091 /* OrderTests.m */,
				B82BE7361D2DE54400AF7091 /* Info.plist */,
			);
			path = OrderTests;
			sourceTree = "<group>";
		};
		B82BE73E1D2DE54400AF7091 /* OrderUITests */ = {
			isa = PBXGroup;
			children = (
				B82BE73F1D2DE54400AF7091 /* OrderUITests.m */,
				B82BE7411D2DE54400AF7091 /* Info.plist */,
			);
			path = OrderUITests;
			sourceTree = "<group>";
		};
		B82BE74D1D2DE56900AF7091 /* Model */ = {
			isa = PBXGroup;
			children = (
				B8C6E32E1D34B5F100E31B7F /* DealsModel.h */,
				B8C6E32F1D34B5F100E31B7F /* DealsModel.m */,
				B8BBE5101D35CF0A006E7AA8 /* CurrentOrderModel.h */,
				B8BBE5111D35CF0A006E7AA8 /* CurrentOrderModel.m */,
			);
			name = Model;
			sourceTree = "<group>";
		};
		B82BE74E1D2DE57100AF7091 /* View */ = {
			isa = PBXGroup;
			children = (
				B82BE7831D2DF81800AF7091 /* Other.storyboard */,
				B82BE7541D2DE62C00AF7091 /* TabBar.storyboard */,
				B82BE7521D2DE61B00AF7091 /* Home.storyboard */,
				B82BE7561D2DE64F00AF7091 /* Deals.storyboard */,
				B82BE75C1D2DE68D00AF7091 /* Center.storyboard */,
				B82BE7581D2DE66000AF7091 /* Tags.storyboard */,
				B82BE75A1D2DE67700AF7091 /* Profile.storyboard */,
				B82BE7281D2DE54400AF7091 /* LaunchScreen.storyboard */,
				B82BE7261D2DE54400AF7091 /* Assets.xcassets */,
			);
			name = View;
			sourceTree = "<group>";
		};
		B82BE74F1D2DE58F00AF7091 /* Controller */ = {
			isa = PBXGroup;
			children = (
				B82BE7851D2DF81F00AF7091 /* Other */,
				B82BE7621D2DE6F100AF7091 /* Home */,
				B82BE7661D2DE71600AF7091 /* Deals */,
				B82BE7721D2DE77900AF7091 /* Center */,
				B82BE76A1D2DE74800AF7091 /* Tags */,
				B82BE76E1D2DE75E00AF7091 /* Profile */,
				B82BE7611D2DE6DD00AF7091 /* TabBar */,
			);
			name = Controller;
			sourceTree = "<group>";
		};
		B82BE7501D2DE5A000AF7091 /* 3rd */ = {
			isa = PBXGroup;
			children = (
				B81128A91D3872890020726F /* HPGrowingTextView */,
			);
			name = 3rd;
			sourceTree = "<group>";
		};
		B82BE7511D2DE5A700AF7091 /* Constants */ = {
			isa = PBXGroup;
			children = (
			);
			name = Constants;
			sourceTree = "<group>";
		};
		B82BE7611D2DE6DD00AF7091 /* TabBar */ = {
			isa = PBXGroup;
			children = (
				B82BE75E1D2DE6D900AF7091 /* TabBarViewController.h */,
				B82BE75F1D2DE6D900AF7091 /* TabBarViewController.m */,
				B8C6E3251D3489F500E31B7F /* NavigationController.h */,
				B8C6E3261D3489F500E31B7F /* NavigationController.m */,
				B8906CAC1D386C9D009DDCCE /* RootTabBarViewController.h */,
				B8906CAD1D386C9D009DDCCE /* RootTabBarViewController.m */,
			);
			name = TabBar;
			sourceTree = "<group>";
		};
		B82BE7621D2DE6F100AF7091 /* Home */ = {
			isa = PBXGroup;
			children = (
				B8ED54DF1D347861006FEA51 /* Popular */,
				B8ED54E61D34B663006FEA51 /* Featured */,
				B8ED54E71D34B67D006FEA51 /* Sellers */,
				B8ED54E81D34B6A0006FEA51 /* Following */,
				B82BE7A11D2E5A4500AF7091 /* Search */,
				B8ED54F51D34DE53006FEA51 /* AskQuestion */,
				B82BE7631D2DE71200AF7091 /* HomeViewController.h */,
				B82BE7641D2DE71200AF7091 /* HomeViewController.m */,
				B8ED54E91D34B6D4006FEA51 /* HomeQuickViewController.h */,
				B8ED54EA1D34B6D4006FEA51 /* HomeQuickViewController.m */,
				B8ED54EF1D34D362006FEA51 /* DetialViewController.h */,
				B8ED54F01D34D362006FEA51 /* DetialViewController.m */,
			);
			name = Home;
			sourceTree = "<group>";
		};
		B82BE7661D2DE71600AF7091 /* Deals */ = {
			isa = PBXGroup;
			children = (
				B8815F511D3775FC00C633CB /* CYXWaterFlowLayout.h */,
				B8815F521D3775FC00C633CB /* CYXWaterFlowLayout.m */,
				B8C6E33E1D34BF2300E31B7F /* xib */,
				B8C6E33A1D34BE6200E31B7F /* Cell */,
				B82BE7671D2DE72A00AF7091 /* DealsViewController.h */,
				B82BE7681D2DE72A00AF7091 /* DealsViewController.m */,
				B8C6E3311D34B89B00E31B7F /* MostPopularCollectionViewController.h */,
				B8C6E3321D34B89B00E31B7F /* MostPopularCollectionViewController.m */,
				B8C6E3341D34B8AC00E31B7F /* FeaturedCollectionViewController.h */,
				B8C6E3351D34B8AC00E31B7F /* FeaturedCollectionViewController.m */,
				B8C6E3371D34B8EE00E31B7F /* DealsOfTheMonthCollectionViewController.h */,
				B8C6E3381D34B8EE00E31B7F /* DealsOfTheMonthCollectionViewController.m */,
			);
			name = Deals;
			sourceTree = "<group>";
		};
		B82BE76A1D2DE74800AF7091 /* Tags */ = {
			isa = PBXGroup;
			children = (
				B82BE76B1D2DE75900AF7091 /* TagsViewController.h */,
				B82BE76C1D2DE75900AF7091 /* TagsViewController.m */,
			);
			name = Tags;
			sourceTree = "<group>";
		};
		B82BE76E1D2DE75E00AF7091 /* Profile */ = {
			isa = PBXGroup;
			children = (
				B82BE76F1D2DE76F00AF7091 /* ProfileViewController.h */,
				B82BE7701D2DE76F00AF7091 /* ProfileViewController.m */,
				B83B54281D3C5F6C0014E52D /* ProfileCollectionViewCell.h */,
				B83B54291D3C5F6C0014E52D /* ProfileCollectionViewCell.m */,
			);
			name = Profile;
			sourceTree = "<group>";
		};
		B82BE7721D2DE77900AF7091 /* Center */ = {
			isa = PBXGroup;
			children = (
				B8BBE5131D35D6BC006E7AA8 /* CompleteOrder */,
				B8C6E34D1D34E9FD00E31B7F /* xib */,
				B8C6E34C1D34E9F500E31B7F /* Cell */,
				B82BE7731D2DE78700AF7091 /* CenterViewController.h */,
				B82BE7741D2DE78700AF7091 /* CenterViewController.m */,
				B8C6E3431D34E90700E31B7F /* CurrentOrderTableViewController.h */,
				B8C6E3441D34E90700E31B7F /* CurrentOrderTableViewController.m */,
				B8C6E3461D34E91800E31B7F /* PendingOrdersTableViewController.h */,
				B8C6E3471D34E91800E31B7F /* PendingOrdersTableViewController.m */,
				B8C6E3491D34E93900E31B7F /* HistoryTableViewController.h */,
				B8C6E34A1D34E93900E31B7F /* HistoryTableViewController.m */,
			);
			name = Center;
			sourceTree = "<group>";
		};
		B82BE7761D2DE8DA00AF7091 /* Utilities */ = {
			isa = PBXGroup;
			children = (
				B8C6E3281D348B9500E31B7F /* UITextField+LXExtension.h */,
				B8C6E3291D348B9500E31B7F /* UITextField+LXExtension.m */,
				B82BE7771D2DE90500AF7091 /* Utilities.h */,
				B82BE7781D2DE90500AF7091 /* Utilities.m */,
				B82BE77C1D2DE91E00AF7091 /* StorageMgr.h */,
				B82BE77D1D2DE91E00AF7091 /* StorageMgr.m */,
				B8BBE51D1D3619CE006E7AA8 /* PXAutoHeightTextView.h */,
				B8BBE51E1D3619CE006E7AA8 /* PXAutoHeightTextView.m */,
			);
			name = Utilities;
			sourceTree = "<group>";
		};
		B82BE7801D2DE96B00AF7091 /* Constants */ = {
			isa = PBXGroup;
			children = (
				B82BE7811D2DE97C00AF7091 /* Constants.h */,
			);
			name = Constants;
			sourceTree = "<group>";
		};
		B82BE7851D2DF81F00AF7091 /* Other */ = {
			isa = PBXGroup;
			children = (
				B82BE7861D2DF84200AF7091 /* OtherViewController.h */,
				B82BE7871D2DF84200AF7091 /* OtherViewController.m */,
				B8BB2A331D2E501E0064ADE7 /* SignInViewController.h */,
				B8BB2A341D2E501E0064ADE7 /* SignInViewController.m */,
				B8BB2A361D2E502B0064ADE7 /* SignUpViewController.h */,
				B8BB2A371D2E502B0064ADE7 /* SignUpViewController.m */,
			);
			name = Other;
			sourceTree = "<group>";
		};
		B82BE7A11D2E5A4500AF7091 /* Search */ = {
			isa = PBXGroup;
			children = (
				B82BE7A21D2E5A5700AF7091 /* SearchViewController.h */,
				B82BE7A31D2E5A5700AF7091 /* SearchViewController.m */,
				B8ED54E31D349BB8006FEA51 /* SearchTableViewCell.h */,
				B8ED54E41D349BB8006FEA51 /* SearchTableViewCell.m */,
			);
			name = Search;
			sourceTree = "<group>";
		};
		B8BBE5131D35D6BC006E7AA8 /* CompleteOrder */ = {
			isa = PBXGroup;
			children = (
				B8BBE5141D35D6F6006E7AA8 /* CompleteOrderViewController.h */,
				B8BBE5151D35D6F6006E7AA8 /* CompleteOrderViewController.m */,
				B8BBE5171D35D83A006E7AA8 /* ShippingDetailsViewController.h */,
				B8BBE5181D35D83A006E7AA8 /* ShippingDetailsViewController.m */,
				B8BBE51A1D35D84F006E7AA8 /* ReviewViewController.h */,
				B8BBE51B1D35D84F006E7AA8 /* ReviewViewController.m */,
			);
			name = CompleteOrder;
			sourceTree = "<group>";
		};
		B8C6E33A1D34BE6200E31B7F /* Cell */ = {
			isa = PBXGroup;
			children = (
				B8C6E33B1D34BE9700E31B7F /* MostPopularCollectionViewCell.h */,
				B8C6E33C1D34BE9700E31B7F /* MostPopularCollectionViewCell.m */,
			);
			name = Cell;
			sourceTree = "<group>";
		};
		B8C6E33E1D34BF2300E31B7F /* xib */ = {
			isa = PBXGroup;
			children = (
				B8C6E3411D34BF9B00E31B7F /* MostPopularCollectionViewCell.xib */,
			);
			name = xib;
			sourceTree = "<group>";
		};
		B8C6E34C1D34E9F500E31B7F /* Cell */ = {
			isa = PBXGroup;
			children = (
				B8815F4E1D37571900C633CB /* PaymentDetailsTableViewCell.h */,
				B8815F4F1D37571900C633CB /* PaymentDetailsTableViewCell.m */,
				B8C6E34E1D34EA7900E31B7F /* CurrentOrderTableViewCell.h */,
				B8C6E34F1D34EA7900E31B7F /* CurrentOrderTableViewCell.m */,
				B8BBE5201D363816006E7AA8 /* ReviewTableViewCell.h */,
				B8BBE5211D363816006E7AA8 /* ReviewTableViewCell.m */,
			);
			name = Cell;
			sourceTree = "<group>";
		};
		B8C6E34D1D34E9FD00E31B7F /* xib */ = {
			isa = PBXGroup;
			children = (
				B8C6E3511D34EA9500E31B7F /* CurrentOrderTableViewCell.xib */,
			);
			name = xib;
			sourceTree = "<group>";
		};
		B8ED54DF1D347861006FEA51 /* Popular */ = {
			isa = PBXGroup;
			children = (
				B82BE7951D2E58D400AF7091 /* PopularViewController.h */,
				B82BE7961D2E58D400AF7091 /* PopularViewController.m */,
				B8ED54E01D34787A006FEA51 /* PopularTableViewCell.h */,
				B8ED54E11D34787A006FEA51 /* PopularTableViewCell.m */,
			);
			name = Popular;
			sourceTree = "<group>";
		};
		B8ED54E61D34B663006FEA51 /* Featured */ = {
			isa = PBXGroup;
			children = (
				B82BE7981D2E58E600AF7091 /* FeaturedViewController.h */,
				B82BE7991D2E58E600AF7091 /* FeaturedViewController.m */,
				B8A9AAEF1D3622B000FFF520 /* FeaturedTableViewCell.h */,
				B8A9AAF01D3622B000FFF520 /* FeaturedTableViewCell.m */,
			);
			name = Featured;
			sourceTree = "<group>";
		};
		B8ED54E71D34B67D006FEA51 /* Sellers */ = {
			isa = PBXGroup;
			children = (
				B82BE79B1D2E58F100AF7091 /* SellersViewController.h */,
				B82BE79C1D2E58F100AF7091 /* SellersViewController.m */,
				B8A9AAF21D36254400FFF520 /* SellersTableViewCell.h */,
				B8A9AAF31D36254400FFF520 /* SellersTableViewCell.m */,
			);
			name = Sellers;
			sourceTree = "<group>";
		};
		B8ED54E81D34B6A0006FEA51 /* Following */ = {
			isa = PBXGroup;
			children = (
				B82BE79E1D2E58FE00AF7091 /* FollowingViewController.h */,
				B82BE79F1D2E58FE00AF7091 /* FollowingViewController.m */,
				B8A9AAF51D3625E400FFF520 /* FollowingTableViewCell.h */,
				B8A9AAF61D3625E400FFF520 /* FollowingTableViewCell.m */,
			);
			name = Following;
			sourceTree = "<group>";
		};
		B8ED54F51D34DE53006FEA51 /* AskQuestion */ = {
			isa = PBXGroup;
			children = (
				B8ED54F21D34DC35006FEA51 /* AskQuestionViewController.h */,
				B8ED54F31D34DC35006FEA51 /* AskQuestionViewController.m */,
				B8ED54F61D34DE84006FEA51 /* AskQuestionTableViewCell.h */,
				B8ED54F71D34DE84006FEA51 /* AskQuestionTableViewCell.m */,
			);
			name = AskQuestion;
			sourceTree = "<group>";
		};
		DA0E20A9D29C9AB2EBC249D1 /* Pods */ = {
			isa = PBXGroup;
			children = (
				7EA0DB3D518BC6CCC4534B92 /* Pods-Order.debug.xcconfig */,
				DD35A665C02B64F23C671F1D /* Pods-Order.release.xcconfig */,
			);
			name = Pods;
			sourceTree = "<group>";
		};
/* End PBXGroup section */

/* Begin PBXNativeTarget section */
		B82BE7161D2DE54400AF7091 /* Order */ = {
			isa = PBXNativeTarget;
			buildConfigurationList = B82BE7441D2DE54400AF7091 /* Build configuration list for PBXNativeTarget "Order" */;
			buildPhases = (
				CE574ED420C852B66E1A62D4 /* [CP] Check Pods Manifest.lock */,
				B82BE7131D2DE54400AF7091 /* Sources */,
				B82BE7141D2DE54400AF7091 /* Frameworks */,
				B82BE7151D2DE54400AF7091 /* Resources */,
				F2CA9A949315AF12BDCFDF8A /* [CP] Embed Pods Frameworks */,
				AE748C1965F01E0CDA39334E /* [CP] Copy Pods Resources */,
			);
			buildRules = (
			);
			dependencies = (
			);
			name = Order;
			productName = Order;
			productReference = B82BE7171D2DE54400AF7091 /* Order.app */;
			productType = "com.apple.product-type.application";
		};
		B82BE72F1D2DE54400AF7091 /* OrderTests */ = {
			isa = PBXNativeTarget;
			buildConfigurationList = B82BE7471D2DE54400AF7091 /* Build configuration list for PBXNativeTarget "OrderTests" */;
			buildPhases = (
				B82BE72C1D2DE54400AF7091 /* Sources */,
				B82BE72D1D2DE54400AF7091 /* Frameworks */,
				B82BE72E1D2DE54400AF7091 /* Resources */,
			);
			buildRules = (
			);
			dependencies = (
				B82BE7321D2DE54400AF7091 /* PBXTargetDependency */,
			);
			name = OrderTests;
			productName = OrderTests;
			productReference = B82BE7301D2DE54400AF7091 /* OrderTests.xctest */;
			productType = "com.apple.product-type.bundle.unit-test";
		};
		B82BE73A1D2DE54400AF7091 /* OrderUITests */ = {
			isa = PBXNativeTarget;
			buildConfigurationList = B82BE74A1D2DE54400AF7091 /* Build configuration list for PBXNativeTarget "OrderUITests" */;
			buildPhases = (
				B82BE7371D2DE54400AF7091 /* Sources */,
				B82BE7381D2DE54400AF7091 /* Frameworks */,
				B82BE7391D2DE54400AF7091 /* Resources */,
			);
			buildRules = (
			);
			dependencies = (
				B82BE73D1D2DE54400AF7091 /* PBXTargetDependency */,
			);
			name = OrderUITests;
			productName = OrderUITests;
			productReference = B82BE73B1D2DE54400AF7091 /* OrderUITests.xctest */;
			productType = "com.apple.product-type.bundle.ui-testing";
		};
/* End PBXNativeTarget section */

/* Begin PBXProject section */
		B82BE70F1D2DE54400AF7091 /* Project object */ = {
			isa = PBXProject;
			attributes = {
				LastUpgradeCheck = 0730;
				ORGANIZATIONNAME = Etong;
				TargetAttributes = {
					B82BE7161D2DE54400AF7091 = {
						CreatedOnToolsVersion = 7.3.1;
					};
					B82BE72F1D2DE54400AF7091 = {
						CreatedOnToolsVersion = 7.3.1;
						TestTargetID = B82BE7161D2DE54400AF7091;
					};
					B82BE73A1D2DE54400AF7091 = {
						CreatedOnToolsVersion = 7.3.1;
						TestTargetID = B82BE7161D2DE54400AF7091;
					};
				};
			};
			buildConfigurationList = B82BE7121D2DE54400AF7091 /* Build configuration list for PBXProject "Order" */;
			compatibilityVersion = "Xcode 3.2";
			developmentRegion = English;
			hasScannedForEncodings = 0;
			knownRegions = (
				en,
				Base,
			);
			mainGroup = B82BE70E1D2DE54400AF7091;
			productRefGroup = B82BE7181D2DE54400AF7091 /* Products */;
			projectDirPath = "";
			projectRoot = "";
			targets = (
				B82BE7161D2DE54400AF7091 /* Order */,
				B82BE72F1D2DE54400AF7091 /* OrderTests */,
				B82BE73A1D2DE54400AF7091 /* OrderUITests */,
			);
		};
/* End PBXProject section */

/* Begin PBXResourcesBuildPhase section */
		B82BE7151D2DE54400AF7091 /* Resources */ = {
			isa = PBXResourcesBuildPhase;
			buildActionMask = 2147483647;
			files = (
				B82BE7571D2DE64F00AF7091 /* Deals.storyboard in Resources */,
				B82BE75D1D2DE68D00AF7091 /* Center.storyboard in Resources */,
				B82BE7841D2DF81800AF7091 /* Other.storyboard in Resources */,
				B8C6E3421D34BF9B00E31B7F /* MostPopularCollectionViewCell.xib in Resources */,
				B82BE7591D2DE66000AF7091 /* Tags.storyboard in Resources */,
				B82BE7551D2DE62C00AF7091 /* TabBar.storyboard in Resources */,
				B82BE7531D2DE61B00AF7091 /* Home.storyboard in Resources */,
				B82BE72A1D2DE54400AF7091 /* LaunchScreen.storyboard in Resources */,
				B82BE75B1D2DE67700AF7091 /* Profile.storyboard in Resources */,
				B8C6E3521D34EA9500E31B7F /* CurrentOrderTableViewCell.xib in Resources */,
				B82BE7271D2DE54400AF7091 /* Assets.xcassets in Resources */,
			);
			runOnlyForDeploymentPostprocessing = 0;
		};
		B82BE72E1D2DE54400AF7091 /* Resources */ = {
			isa = PBXResourcesBuildPhase;
			buildActionMask = 2147483647;
			files = (
			);
			runOnlyForDeploymentPostprocessing = 0;
		};
		B82BE7391D2DE54400AF7091 /* Resources */ = {
			isa = PBXResourcesBuildPhase;
			buildActionMask = 2147483647;
			files = (
			);
			runOnlyForDeploymentPostprocessing = 0;
		};
/* End PBXResourcesBuildPhase section */

/* Begin PBXShellScriptBuildPhase section */
		AE748C1965F01E0CDA39334E /* [CP] Copy Pods Resources */ = {
			isa = PBXShellScriptBuildPhase;
			buildActionMask = 2147483647;
			files = (
			);
			inputPaths = (
			);
			name = "[CP] Copy Pods Resources";
			outputPaths = (
			);
			runOnlyForDeploymentPostprocessing = 0;
			shellPath = /bin/sh;
			shellScript = "\"${SRCROOT}/Pods/Target Support Files/Pods-Order/Pods-Order-resources.sh\"\n";
			showEnvVarsInLog = 0;
		};
		CE574ED420C852B66E1A62D4 /* [CP] Check Pods Manifest.lock */ = {
			isa = PBXShellScriptBuildPhase;
			buildActionMask = 2147483647;
			files = (
			);
			inputPaths = (
			);
			name = "[CP] Check Pods Manifest.lock";
			outputPaths = (
			);
			runOnlyForDeploymentPostprocessing = 0;
			shellPath = /bin/sh;
			shellScript = "diff \"${PODS_ROOT}/../Podfile.lock\" \"${PODS_ROOT}/Manifest.lock\" > /dev/null\nif [[ $? != 0 ]] ; then\n    cat << EOM\nerror: The sandbox is not in sync with the Podfile.lock. Run 'pod install' or update your CocoaPods installation.\nEOM\n    exit 1\nfi\n";
			showEnvVarsInLog = 0;
		};
		F2CA9A949315AF12BDCFDF8A /* [CP] Embed Pods Frameworks */ = {
			isa = PBXShellScriptBuildPhase;
			buildActionMask = 2147483647;
			files = (
			);
			inputPaths = (
			);
			name = "[CP] Embed Pods Frameworks";
			outputPaths = (
			);
			runOnlyForDeploymentPostprocessing = 0;
			shellPath = /bin/sh;
			shellScript = "\"${SRCROOT}/Pods/Target Support Files/Pods-Order/Pods-Order-frameworks.sh\"\n";
			showEnvVarsInLog = 0;
		};
/* End PBXShellScriptBuildPhase section */

/* Begin PBXSourcesBuildPhase section */
		B82BE7131D2DE54400AF7091 /* Sources */ = {
			isa = PBXSourcesBuildPhase;
			buildActionMask = 2147483647;
			files = (
				B83B542A1D3C5F6C0014E52D /* ProfileCollectionViewCell.m in Sources */,
				B82BE7971D2E58D400AF7091 /* PopularViewController.m in Sources */,
				B8A9AAF11D3622B000FFF520 /* FeaturedTableViewCell.m in Sources */,
				B8C6E3331D34B89B00E31B7F /* MostPopularCollectionViewController.m in Sources */,
				B82BE7A01D2E58FE00AF7091 /* FollowingViewController.m in Sources */,
				B8C6E3271D3489F500E31B7F /* NavigationController.m in Sources */,
				B8C6E3301D34B5F100E31B7F /* DealsModel.m in Sources */,
				B82BE77F1D2DE91E00AF7091 /* StorageMgr.m in Sources */,
				B8815F501D37571900C633CB /* PaymentDetailsTableViewCell.m in Sources */,
				B8C6E3451D34E90700E31B7F /* CurrentOrderTableViewController.m in Sources */,
				B8A9AAF41D36254400FFF520 /* SellersTableViewCell.m in Sources */,
				B8815F531D3775FC00C633CB /* CYXWaterFlowLayout.m in Sources */,
				B8C6E3481D34E91800E31B7F /* PendingOrdersTableViewController.m in Sources */,
				B8ED54E21D34787A006FEA51 /* PopularTableViewCell.m in Sources */,
				B8BBE5161D35D6F6006E7AA8 /* CompleteOrderViewController.m in Sources */,
				B82BE71F1D2DE54400AF7091 /* AppDelegate.m in Sources */,
				B8BBE5221D363816006E7AA8 /* ReviewTableViewCell.m in Sources */,
				B8BBE51F1D3619CE006E7AA8 /* PXAutoHeightTextView.m in Sources */,
				B8BBE5121D35CF0A006E7AA8 /* CurrentOrderModel.m in Sources */,
				B82BE7881D2DF84200AF7091 /* OtherViewController.m in Sources */,
				B8906CAE1D386C9D009DDCCE /* RootTabBarViewController.m in Sources */,
				B82BE7751D2DE78700AF7091 /* CenterViewController.m in Sources */,
				B82BE7A41D2E5A5700AF7091 /* SearchViewController.m in Sources */,
				B8ED54F81D34DE84006FEA51 /* AskQuestionTableViewCell.m in Sources */,
				B8ED54EB1D34B6D4006FEA51 /* HomeQuickViewController.m in Sources */,
				B8BB2A351D2E501E0064ADE7 /* SignInViewController.m in Sources */,
				B8ED54F11D34D362006FEA51 /* DetialViewController.m in Sources */,
				B8ED54E51D349BB8006FEA51 /* SearchTableViewCell.m in Sources */,
				B82BE7601D2DE6D900AF7091 /* TabBarViewController.m in Sources */,
				B82BE7791D2DE90500AF7091 /* Utilities.m in Sources */,
				B82BE71C1D2DE54400AF7091 /* main.m in Sources */,
				B8C6E33D1D34BE9700E31B7F /* MostPopularCollectionViewCell.m in Sources */,
				B8C6E34B1D34E93900E31B7F /* HistoryTableViewController.m in Sources */,
				B8A9AAF71D3625E400FFF520 /* FollowingTableViewCell.m in Sources */,
				B82BE79A1D2E58E600AF7091 /* FeaturedViewController.m in Sources */,
				B82BE79D1D2E58F100AF7091 /* SellersViewController.m in Sources */,
				B82BE76D1D2DE75900AF7091 /* TagsViewController.m in Sources */,
				B81128AE1D3872920020726F /* HPGrowingTextView.m in Sources */,
				B81128AF1D3872920020726F /* HPTextViewInternal.m in Sources */,
				B8C6E32A1D348B9500E31B7F /* UITextField+LXExtension.m in Sources */,
				B8C6E3391D34B8EE00E31B7F /* DealsOfTheMonthCollectionViewController.m in Sources */,
				B82BE7711D2DE76F00AF7091 /* ProfileViewController.m in Sources */,
				B8BBE5191D35D83A006E7AA8 /* ShippingDetailsViewController.m in Sources */,
				B82BE7691D2DE72A00AF7091 /* DealsViewController.m in Sources */,
				B8C6E3501D34EA7900E31B7F /* CurrentOrderTableViewCell.m in Sources */,
				B8ED54F41D34DC35006FEA51 /* AskQuestionViewController.m in Sources */,
				B8BBE51C1D35D84F006E7AA8 /* ReviewViewController.m in Sources */,
				B8BB2A381D2E502B0064ADE7 /* SignUpViewController.m in Sources */,
				B82BE7651D2DE71200AF7091 /* HomeViewController.m in Sources */,
				B8C6E3361D34B8AC00E31B7F /* FeaturedCollectionViewController.m in Sources */,
			);
			runOnlyForDeploymentPostprocessing = 0;
		};
		B82BE72C1D2DE54400AF7091 /* Sources */ = {
			isa = PBXSourcesBuildPhase;
			buildActionMask = 2147483647;
			files = (
				B82BE7351D2DE54400AF7091 /* OrderTests.m in Sources */,
			);
			runOnlyForDeploymentPostprocessing = 0;
		};
		B82BE7371D2DE54400AF7091 /* Sources */ = {
			isa = PBXSourcesBuildPhase;
			buildActionMask = 2147483647;
			files = (
				B82BE7401D2DE54400AF7091 /* OrderUITests.m in Sources */,
			);
			runOnlyForDeploymentPostprocessing = 0;
		};
/* End PBXSourcesBuildPhase section */

/* Begin PBXTargetDependency section */
		B82BE7321D2DE54400AF7091 /* PBXTargetDependency */ = {
			isa = PBXTargetDependency;
			target = B82BE7161D2DE54400AF7091 /* Order */;
			targetProxy = B82BE7311D2DE54400AF7091 /* PBXContainerItemProxy */;
		};
		B82BE73D1D2DE54400AF7091 /* PBXTargetDependency */ = {
			isa = PBXTargetDependency;
			target = B82BE7161D2DE54400AF7091 /* Order */;
			targetProxy = B82BE73C1D2DE54400AF7091 /* PBXContainerItemProxy */;
		};
/* End PBXTargetDependency section */

/* Begin PBXVariantGroup section */
		B82BE7281D2DE54400AF7091 /* LaunchScreen.storyboard */ = {
			isa = PBXVariantGroup;
			children = (
				B82BE7291D2DE54400AF7091 /* Base */,
			);
			name = LaunchScreen.storyboard;
			sourceTree = "<group>";
		};
/* End PBXVariantGroup section */

/* Begin XCBuildConfiguration section */
		B82BE7421D2DE54400AF7091 /* Debug */ = {
			isa = XCBuildConfiguration;
			buildSettings = {
				ALWAYS_SEARCH_USER_PATHS = NO;
				CLANG_ANALYZER_NONNULL = YES;
				CLANG_CXX_LANGUAGE_STANDARD = "gnu++0x";
				CLANG_CXX_LIBRARY = "libc++";
				CLANG_ENABLE_MODULES = YES;
				CLANG_ENABLE_OBJC_ARC = YES;
				CLANG_WARN_BOOL_CONVERSION = YES;
				CLANG_WARN_CONSTANT_CONVERSION = YES;
				CLANG_WARN_DIRECT_OBJC_ISA_USAGE = YES_ERROR;
				CLANG_WARN_EMPTY_BODY = YES;
				CLANG_WARN_ENUM_CONVERSION = YES;
				CLANG_WARN_INT_CONVERSION = YES;
				CLANG_WARN_OBJC_ROOT_CLASS = YES_ERROR;
				CLANG_WARN_UNREACHABLE_CODE = YES;
				CLANG_WARN__DUPLICATE_METHOD_MATCH = YES;
				"CODE_SIGN_IDENTITY[sdk=iphoneos*]" = "iPhone Developer";
				COPY_PHASE_STRIP = NO;
				DEBUG_INFORMATION_FORMAT = dwarf;
				ENABLE_STRICT_OBJC_MSGSEND = YES;
				ENABLE_TESTABILITY = YES;
				GCC_C_LANGUAGE_STANDARD = gnu99;
				GCC_DYNAMIC_NO_PIC = NO;
				GCC_NO_COMMON_BLOCKS = YES;
				GCC_OPTIMIZATION_LEVEL = 0;
				GCC_PREPROCESSOR_DEFINITIONS = (
					"DEBUG=1",
					"$(inherited)",
				);
				GCC_WARN_64_TO_32_BIT_CONVERSION = YES;
				GCC_WARN_ABOUT_RETURN_TYPE = YES_ERROR;
				GCC_WARN_UNDECLARED_SELECTOR = YES;
				GCC_WARN_UNINITIALIZED_AUTOS = YES_AGGRESSIVE;
				GCC_WARN_UNUSED_FUNCTION = YES;
				GCC_WARN_UNUSED_VARIABLE = YES;
				IPHONEOS_DEPLOYMENT_TARGET = 9.3;
				MTL_ENABLE_DEBUG_INFO = YES;
				ONLY_ACTIVE_ARCH = YES;
				SDKROOT = iphoneos;
				TARGETED_DEVICE_FAMILY = "1,2";
			};
			name = Debug;
		};
		B82BE7431D2DE54400AF7091 /* Release */ = {
			isa = XCBuildConfiguration;
			buildSettings = {
				ALWAYS_SEARCH_USER_PATHS = NO;
				CLANG_ANALYZER_NONNULL = YES;
				CLANG_CXX_LANGUAGE_STANDARD = "gnu++0x";
				CLANG_CXX_LIBRARY = "libc++";
				CLANG_ENABLE_MODULES = YES;
				CLANG_ENABLE_OBJC_ARC = YES;
				CLANG_WARN_BOOL_CONVERSION = YES;
				CLANG_WARN_CONSTANT_CONVERSION = YES;
				CLANG_WARN_DIRECT_OBJC_ISA_USAGE = YES_ERROR;
				CLANG_WARN_EMPTY_BODY = YES;
				CLANG_WARN_ENUM_CONVERSION = YES;
				CLANG_WARN_INT_CONVERSION = YES;
				CLANG_WARN_OBJC_ROOT_CLASS = YES_ERROR;
				CLANG_WARN_UNREACHABLE_CODE = YES;
				CLANG_WARN__DUPLICATE_METHOD_MATCH = YES;
				"CODE_SIGN_IDENTITY[sdk=iphoneos*]" = "iPhone Developer";
				COPY_PHASE_STRIP = NO;
				DEBUG_INFORMATION_FORMAT = "dwarf-with-dsym";
				ENABLE_NS_ASSERTIONS = NO;
				ENABLE_STRICT_OBJC_MSGSEND = YES;
				GCC_C_LANGUAGE_STANDARD = gnu99;
				GCC_NO_COMMON_BLOCKS = YES;
				GCC_WARN_64_TO_32_BIT_CONVERSION = YES;
				GCC_WARN_ABOUT_RETURN_TYPE = YES_ERROR;
				GCC_WARN_UNDECLARED_SELECTOR = YES;
				GCC_WARN_UNINITIALIZED_AUTOS = YES_AGGRESSIVE;
				GCC_WARN_UNUSED_FUNCTION = YES;
				GCC_WARN_UNUSED_VARIABLE = YES;
				IPHONEOS_DEPLOYMENT_TARGET = 9.3;
				MTL_ENABLE_DEBUG_INFO = NO;
				SDKROOT = iphoneos;
				TARGETED_DEVICE_FAMILY = "1,2";
				VALIDATE_PRODUCT = YES;
			};
			name = Release;
		};
		B82BE7451D2DE54400AF7091 /* Debug */ = {
			isa = XCBuildConfiguration;
			baseConfigurationReference = 7EA0DB3D518BC6CCC4534B92 /* Pods-Order.debug.xcconfig */;
			buildSettings = {
				ASSETCATALOG_COMPILER_APPICON_NAME = AppIcon;
				GCC_PREFIX_HEADER = Order/PrefixHeader.pch;
				INFOPLIST_FILE = Order/Info.plist;
				IPHONEOS_DEPLOYMENT_TARGET = 8.0;
				LD_RUNPATH_SEARCH_PATHS = "$(inherited) @executable_path/Frameworks";
				PRODUCT_BUNDLE_IDENTIFIER = Etong.Order;
				PRODUCT_NAME = "$(TARGET_NAME)";
			};
			name = Debug;
		};
		B82BE7461D2DE54400AF7091 /* Release */ = {
			isa = XCBuildConfiguration;
			baseConfigurationReference = DD35A665C02B64F23C671F1D /* Pods-Order.release.xcconfig */;
			buildSettings = {
				ASSETCATALOG_COMPILER_APPICON_NAME = AppIcon;
				GCC_PREFIX_HEADER = Order/PrefixHeader.pch;
				INFOPLIST_FILE = Order/Info.plist;
				IPHONEOS_DEPLOYMENT_TARGET = 8.0;
				LD_RUNPATH_SEARCH_PATHS = "$(inherited) @executable_path/Frameworks";
				PRODUCT_BUNDLE_IDENTIFIER = Etong.Order;
				PRODUCT_NAME = "$(TARGET_NAME)";
			};
			name = Release;
		};
		B82BE7481D2DE54400AF7091 /* Debug */ = {
			isa = XCBuildConfiguration;
			buildSettings = {
				BUNDLE_LOADER = "$(TEST_HOST)";
				INFOPLIST_FILE = OrderTests/Info.plist;
				LD_RUNPATH_SEARCH_PATHS = "$(inherited) @executable_path/Frameworks @loader_path/Frameworks";
				PRODUCT_BUNDLE_IDENTIFIER = Etong.OrderTests;
				PRODUCT_NAME = "$(TARGET_NAME)";
				TEST_HOST = "$(BUILT_PRODUCTS_DIR)/Order.app/Order";
			};
			name = Debug;
		};
		B82BE7491D2DE54400AF7091 /* Release */ = {
			isa = XCBuildConfiguration;
			buildSettings = {
				BUNDLE_LOADER = "$(TEST_HOST)";
				INFOPLIST_FILE = OrderTests/Info.plist;
				LD_RUNPATH_SEARCH_PATHS = "$(inherited) @executable_path/Frameworks @loader_path/Frameworks";
				PRODUCT_BUNDLE_IDENTIFIER = Etong.OrderTests;
				PRODUCT_NAME = "$(TARGET_NAME)";
				TEST_HOST = "$(BUILT_PRODUCTS_DIR)/Order.app/Order";
			};
			name = Release;
		};
		B82BE74B1D2DE54400AF7091 /* Debug */ = {
			isa = XCBuildConfiguration;
			buildSettings = {
				INFOPLIST_FILE = OrderUITests/Info.plist;
				LD_RUNPATH_SEARCH_PATHS = "$(inherited) @executable_path/Frameworks @loader_path/Frameworks";
				PRODUCT_BUNDLE_IDENTIFIER = Etong.OrderUITests;
				PRODUCT_NAME = "$(TARGET_NAME)";
				TEST_TARGET_NAME = Order;
			};
			name = Debug;
		};
		B82BE74C1D2DE54400AF7091 /* Release */ = {
			isa = XCBuildConfiguration;
			buildSettings = {
				INFOPLIST_FILE = OrderUITests/Info.plist;
				LD_RUNPATH_SEARCH_PATHS = "$(inherited) @executable_path/Frameworks @loader_path/Frameworks";
				PRODUCT_BUNDLE_IDENTIFIER = Etong.OrderUITests;
				PRODUCT_NAME = "$(TARGET_NAME)";
				TEST_TARGET_NAME = Order;
			};
			name = Release;
		};
/* End XCBuildConfiguration section */

/* Begin XCConfigurationList section */
		B82BE7121D2DE54400AF7091 /* Build configuration list for PBXProject "Order" */ = {
			isa = XCConfigurationList;
			buildConfigurations = (
				B82BE7421D2DE54400AF7091 /* Debug */,
				B82BE7431D2DE54400AF7091 /* Release */,
			);
			defaultConfigurationIsVisible = 0;
			defaultConfigurationName = Release;
		};
		B82BE7441D2DE54400AF7091 /* Build configuration list for PBXNativeTarget "Order" */ = {
			isa = XCConfigurationList;
			buildConfigurations = (
				B82BE7451D2DE54400AF7091 /* Debug */,
				B82BE7461D2DE54400AF7091 /* Release */,
			);
			defaultConfigurationIsVisible = 0;
			defaultConfigurationName = Release;
		};
		B82BE7471D2DE54400AF7091 /* Build configuration list for PBXNativeTarget "OrderTests" */ = {
			isa = XCConfigurationList;
			buildConfigurations = (
				B82BE7481D2DE54400AF7091 /* Debug */,
				B82BE7491D2DE54400AF7091 /* Release */,
			);
			defaultConfigurationIsVisible = 0;
			defaultConfigurationName = Release;
		};
		B82BE74A1D2DE54400AF7091 /* Build configuration list for PBXNativeTarget "OrderUITests" */ = {
			isa = XCConfigurationList;
			buildConfigurations = (
				B82BE74B1D2DE54400AF7091 /* Debug */,
				B82BE74C1D2DE54400AF7091 /* Release */,
			);
			defaultConfigurationIsVisible = 0;
			defaultConfigurationName = Release;
		};
/* End XCConfigurationList section */
	};
	rootObject = B82BE70F1D2DE54400AF7091 /* Project object */;
}
